
Microsoft Visual Studio Solution File, Format Version 12.00
# Visual Studio Version 16
VisualStudioVersion = 16.0.31019.35
MinimumVisualStudioVersion = 10.0.40219.1
Project("{FAE04EC0-301F-11D3-BF4B-00C04F79EFBC}") = "LoginFaceBook", "LoginFaceBook\LoginFaceBook.csproj", "{EC8638C5-1995-4FBF-827A-DDCBF51A379A}"
EndProject
Global
	GlobalSection(SolutionConfigurationPlatforms) = preSolution
		Debug|Any CPU = Debug|Any CPU
		Release|Any CPU = Release|Any CPU
	EndGlobalSection
	GlobalSection(ProjectConfigurationPlatforms) = postSolution
		{EC8638C5-1995-4FBF-827A-DDCBF51A379A}.Debug|Any CPU.ActiveCfg = Debug|Any CPU
		{EC8638C5-1995-4FBF-827A-DDCBF51A379A}.Debug|Any CPU.Build.0 = Debug|Any CPU
		{EC8638C5-1995-4FBF-827A-DDCBF51A379A}.Release|Any CPU.ActiveCfg = Release|Any CPU
		{EC8638C5-1995-4FBF-827A-DDCBF51A379A}.Release|Any CPU.Build.0 = Release|Any CPU
	EndGlobalSection
	GlobalSection(SolutionProperties) = preSolution
		HideSolutionNode = FALSE
	EndGlobalSection
	GlobalSection(ExtensibilityGlobals) = postSolution
		SolutionGuid = {293B807C-801D-494E-944F-E6CCBF7AD1D3}
	EndGlobalSection
EndGlobal
